
Microsoft Visual Studio Solution File, Format Version 12.00
# Visual Studio 15
VisualStudioVersion = 15.0.27703.2035
MinimumVisualStudioVersion = 10.0.40219.1
Project("{FAE04EC0-301F-11D3-BF4B-00C04F79EFBC}") = "ConsoleApp2", "ConsoleApp2\ConsoleApp2.csproj", "{F0769EDA-5187-43CE-A2A2-51593AF8878E}"
EndProject
Global
	GlobalSection(SolutionConfigurationPlatforms) = preSolution
		Debug|Any CPU = Debug|Any CPU
		Release|Any CPU = Release|Any CPU
	EndGlobalSection
	GlobalSection(ProjectConfigurationPlatforms) = postSolution
		{F0769EDA-5187-43CE-A2A2-51593AF8878E}.Debug|Any CPU.ActiveCfg = Debug|Any CPU
		{F0769EDA-5187-43CE-A2A2-51593AF8878E}.Debug|Any CPU.Build.0 = Debug|Any CPU
		{F0769EDA-5187-43CE-A2A2-51593AF8878E}.Release|Any CPU.ActiveCfg = Release|Any CPU
		{F0769EDA-5187-43CE-A2A2-51593AF8878E}.Release|Any CPU.Build.0 = Release|Any CPU
	EndGlobalSection
	GlobalSection(SolutionProperties) = preSolution
		HideSolutionNode = FALSE
	EndGlobalSection
	GlobalSection(ExtensibilityGlobals) = postSolution
		SolutionGuid = {94A9EAB9-F16F-41BD-9017-2E7EA31E2BBD}
	EndGlobalSection
EndGlobal
